
Microsoft Visual Studio Solution File, Format Version 12.00
# Visual Studio 15
VisualStudioVersion = 15.0.27703.2042
MinimumVisualStudioVersion = 10.0.40219.1
Project("{FAE04EC0-301F-11D3-BF4B-00C04F79EFBC}") = "ArchitectureDemo.ConsoleUI", "ArchitectureDemo.ConsoleUI\ArchitectureDemo.ConsoleUI.csproj", "{98F225F7-42E8-4758-9561-43BA0EF4CC66}"
EndProject
Project("{FAE04EC0-301F-11D3-BF4B-00C04F79EFBC}") = "ArchitectureDemo.WinformClient", "ArchitectureDemo.WinformClient\ArchitectureDemo.WinformClient.csproj", "{9613AA14-70D9-4122-ABAC-06D07F8EAD8F}"
EndProject
Project("{FAE04EC0-301F-11D3-BF4B-00C04F79EFBC}") = "ArchitectureDemo.Logic", "ArchitectureDemo.Logic\ArchitectureDemo.Logic.csproj", "{C4795F0D-8E42-4AF5-99C2-A26B825A2B48}"
EndProject
Global
	GlobalSection(SolutionConfigurationPlatforms) = preSolution
		Debug|Any CPU = Debug|Any CPU
		Release|Any CPU = Release|Any CPU
	EndGlobalSection
	GlobalSection(ProjectConfigurationPlatforms) = postSolution
		{98F225F7-42E8-4758-9561-43BA0EF4CC66}.Debug|Any CPU.ActiveCfg = Debug|Any CPU
		{98F225F7-42E8-4758-9561-43BA0EF4CC66}.Debug|Any CPU.Build.0 = Debug|Any CPU
		{98F225F7-42E8-4758-9561-43BA0EF4CC66}.Release|Any CPU.ActiveCfg = Release|Any CPU
		{98F225F7-42E8-4758-9561-43BA0EF4CC66}.Release|Any CPU.Build.0 = Release|Any CPU
		{9613AA14-70D9-4122-ABAC-06D07F8EAD8F}.Debug|Any CPU.ActiveCfg = Debug|Any CPU
		{9613AA14-70D9-4122-ABAC-06D07F8EAD8F}.Debug|Any CPU.Build.0 = Debug|Any CPU
		{9613AA14-70D9-4122-ABAC-06D07F8EAD8F}.Release|Any CPU.ActiveCfg = Release|Any CPU
		{9613AA14-70D9-4122-ABAC-06D07F8EAD8F}.Release|Any CPU.Build.0 = Release|Any CPU
		{C4795F0D-8E42-4AF5-99C2-A26B825A2B48}.Debug|Any CPU.ActiveCfg = Debug|Any CPU
		{C4795F0D-8E42-4AF5-99C2-A26B825A2B48}.Debug|Any CPU.Build.0 = Debug|Any CPU
		{C4795F0D-8E42-4AF5-99C2-A26B825A2B48}.Release|Any CPU.ActiveCfg = Release|Any CPU
		{C4795F0D-8E42-4AF5-99C2-A26B825A2B48}.Release|Any CPU.Build.0 = Release|Any CPU
	EndGlobalSection
	GlobalSection(SolutionProperties) = preSolution
		HideSolutionNode = FALSE
	EndGlobalSection
	GlobalSection(ExtensibilityGlobals) = postSolution
		SolutionGuid = {4EAFCA99-5154-4098-85F6-A06A8321D8DA}
	EndGlobalSection
EndGlobal
